
Microsoft Visual Studio Solution File, Format Version 12.00
# Visual Studio 15
VisualStudioVersion = 15.0.27130.2027
MinimumVisualStudioVersion = 10.0.40219.1
Project("{FAE04EC0-301F-11D3-BF4B-00C04F79EFBC}") = "ChartApplication", "ChartApplication\ChartApplication.csproj", "{C7D22EBA-D1A6-43B0-AB96-CFDA6D74AC18}"
EndProject
Project("{FAE04EC0-301F-11D3-BF4B-00C04F79EFBC}") = "ChartApplication.Tests", "ChartApplication.Tests\ChartApplication.Tests.csproj", "{90BA1FE6-6B71-4F04-BE7B-07AA1451FD89}"
EndProject
Global
	GlobalSection(SolutionConfigurationPlatforms) = preSolution
		Debug|Any CPU = Debug|Any CPU
		Release|Any CPU = Release|Any CPU
	EndGlobalSection
	GlobalSection(ProjectConfigurationPlatforms) = postSolution
		{C7D22EBA-D1A6-43B0-AB96-CFDA6D74AC18}.Debug|Any CPU.ActiveCfg = Debug|Any CPU
		{C7D22EBA-D1A6-43B0-AB96-CFDA6D74AC18}.Debug|Any CPU.Build.0 = Debug|Any CPU
		{C7D22EBA-D1A6-43B0-AB96-CFDA6D74AC18}.Release|Any CPU.ActiveCfg = Release|Any CPU
		{C7D22EBA-D1A6-43B0-AB96-CFDA6D74AC18}.Release|Any CPU.Build.0 = Release|Any CPU
		{90BA1FE6-6B71-4F04-BE7B-07AA1451FD89}.Debug|Any CPU.ActiveCfg = Debug|Any CPU
		{90BA1FE6-6B71-4F04-BE7B-07AA1451FD89}.Debug|Any CPU.Build.0 = Debug|Any CPU
		{90BA1FE6-6B71-4F04-BE7B-07AA1451FD89}.Release|Any CPU.ActiveCfg = Release|Any CPU
		{90BA1FE6-6B71-4F04-BE7B-07AA1451FD89}.Release|Any CPU.Build.0 = Release|Any CPU
	EndGlobalSection
	GlobalSection(SolutionProperties) = preSolution
		HideSolutionNode = FALSE
	EndGlobalSection
	GlobalSection(ExtensibilityGlobals) = postSolution
		SolutionGuid = {6BA58F65-1DD8-4A24-B82F-EDBC9945107D}
	EndGlobalSection
EndGlobal
